// !$*UTF8*$!
{
	archiveVersion = 1;
	classes = {
	};
	objectVersion = 56;
	objects = {

/* Begin PBXBuildFile section */
		C301169E2A5B345B0045DE7F /* ClientToken.swift in Sources */ = {isa = PBXBuildFile; fileRef = C301169D2A5B345B0045DE7F /* ClientToken.swift */; };
		C30116A02A5B36D20045DE7F /* User.swift in Sources */ = {isa = PBXBuildFile; fileRef = C301169F2A5B36D20045DE7F /* User.swift */; };
		C30655442A5F1FFE009E7CA1 /* JWT.swift in Sources */ = {isa = PBXBuildFile; fileRef = C30655432A5F1FFE009E7CA1 /* JWT.swift */; };
		C30F487E2A5D6F52002F0534 /* LoginViewModel.swift in Sources */ = {isa = PBXBuildFile; fileRef = C30F487D2A5D6F52002F0534 /* LoginViewModel.swift */; };
		C32715832A5AFDF60018D869 /* AppDelegate.swift in Sources */ = {isa = PBXBuildFile; fileRef = C32715822A5AFDF60018D869 /* AppDelegate.swift */; };
		C32715852A5AFDF60018D869 /* SceneDelegate.swift in Sources */ = {isa = PBXBuildFile; fileRef = C32715842A5AFDF60018D869 /* SceneDelegate.swift */; };
		C32715872A5AFDF60018D869 /* LoginViewController.swift in Sources */ = {isa = PBXBuildFile; fileRef = C32715862A5AFDF60018D869 /* LoginViewController.swift */; };
		C327158A2A5AFDF60018D869 /* Main.storyboard in Resources */ = {isa = PBXBuildFile; fileRef = C32715882A5AFDF60018D869 /* Main.storyboard */; };
		C327158C2A5AFDF60018D869 /* Assets.xcassets in Resources */ = {isa = PBXBuildFile; fileRef = C327158B2A5AFDF60018D869 /* Assets.xcassets */; };
		C327158F2A5AFDF60018D869 /* LaunchScreen.storyboard in Resources */ = {isa = PBXBuildFile; fileRef = C327158D2A5AFDF60018D869 /* LaunchScreen.storyboard */; };
		C32715972A5B00EB0018D869 /* Token.swift in Sources */ = {isa = PBXBuildFile; fileRef = C32715962A5B00EB0018D869 /* Token.swift */; };
		C3C839CE2A5D8A6800FC8F2D /* RegisterViewController.swift in Sources */ = {isa = PBXBuildFile; fileRef = C3C839CD2A5D8A6800FC8F2D /* RegisterViewController.swift */; };
		C3C839D02A5D9A9500FC8F2D /* RegisterViewModel.swift in Sources */ = {isa = PBXBuildFile; fileRef = C3C839CF2A5D9A9500FC8F2D /* RegisterViewModel.swift */; };
		C3C839D22A5D9EAB00FC8F2D /* ClientViewModel.swift in Sources */ = {isa = PBXBuildFile; fileRef = C3C839D12A5D9EAB00FC8F2D /* ClientViewModel.swift */; };
		C3EFD94B2A5EC62D0075BCD1 /* Services.swift in Sources */ = {isa = PBXBuildFile; fileRef = C3EFD94A2A5EC62D0075BCD1 /* Services.swift */; };
		C3EFD94D2A5EDC780075BCD1 /* MutualExtension.swift in Sources */ = {isa = PBXBuildFile; fileRef = C3EFD94C2A5EDC780075BCD1 /* MutualExtension.swift */; };
		C3EFD9502A5EE4F20075BCD1 /* HomeViewController.swift in Sources */ = {isa = PBXBuildFile; fileRef = C3EFD94F2A5EE4F20075BCD1 /* HomeViewController.swift */; };
		FA75C800DBC7F36DE78A173D /* Pods_testProject.framework in Frameworks */ = {isa = PBXBuildFile; fileRef = 97AB5342F7A9A7074A8F37EC /* Pods_testProject.framework */; };
/* End PBXBuildFile section */

/* Begin PBXFileReference section */
		4C838C95FE64DB679D0E20F1 /* Pods-testProject.debug.xcconfig */ = {isa = PBXFileReference; includeInIndex = 1; lastKnownFileType = text.xcconfig; name = "Pods-testProject.debug.xcconfig"; path = "Target Support Files/Pods-testProject/Pods-testProject.debug.xcconfig"; sourceTree = "<group>"; };
		91DAE956585A9852C67C1A38 /* Pods-testProject.release.xcconfig */ = {isa = PBXFileReference; includeInIndex = 1; lastKnownFileType = text.xcconfig; name = "Pods-testProject.release.xcconfig"; path = "Target Support Files/Pods-testProject/Pods-testProject.release.xcconfig"; sourceTree = "<group>"; };
		97AB5342F7A9A7074A8F37EC /* Pods_testProject.framework */ = {isa = PBXFileReference; explicitFileType = wrapper.framework; includeInIndex = 0; path = Pods_testProject.framework; sourceTree = BUILT_PRODUCTS_DIR; };
		C301169D2A5B345B0045DE7F /* ClientToken.swift */ = {isa = PBXFileReference; lastKnownFileType = sourcecode.swift; path = ClientToken.swift; sourceTree = "<group>"; };
		C301169F2A5B36D20045DE7F /* User.swift */ = {isa = PBXFileReference; lastKnownFileType = sourcecode.swift; path = User.swift; sourceTree = "<group>"; };
		C30655432A5F1FFE009E7CA1 /* JWT.swift */ = {isa = PBXFileReference; lastKnownFileType = sourcecode.swift; path = JWT.swift; sourceTree = "<group>"; };
		C30F487D2A5D6F52002F0534 /* LoginViewModel.swift */ = {isa = PBXFileReference; lastKnownFileType = sourcecode.swift; path = LoginViewModel.swift; sourceTree = "<group>"; };
		C327157F2A5AFDF60018D869 /* testProject.app */ = {isa = PBXFileReference; explicitFileType = wrapper.application; includeInIndex = 0; path = testProject.app; sourceTree = BUILT_PRODUCTS_DIR; };
		C32715822A5AFDF60018D869 /* AppDelegate.swift */ = {isa = PBXFileReference; lastKnownFileType = sourcecode.swift; path = AppDelegate.swift; sourceTree = "<group>"; };
		C32715842A5AFDF60018D869 /* SceneDelegate.swift */ = {isa = PBXFileReference; lastKnownFileType = sourcecode.swift; path = SceneDelegate.swift; sourceTree = "<group>"; };
		C32715862A5AFDF60018D869 /* LoginViewController.swift */ = {isa = PBXFileReference; lastKnownFileType = sourcecode.swift; path = LoginViewController.swift; sourceTree = "<group>"; };
		C32715892A5AFDF60018D869 /* Base */ = {isa = PBXFileReference; lastKnownFileType = file.storyboard; name = Base; path = Base.lproj/Main.storyboard; sourceTree = "<group>"; };
		C327158B2A5AFDF60018D869 /* Assets.xcassets */ = {isa = PBXFileReference; lastKnownFileType = folder.assetcatalog; path = Assets.xcassets; sourceTree = "<group>"; };
		C327158E2A5AFDF60018D869 /* Base */ = {isa = PBXFileReference; lastKnownFileType = file.storyboard; name = Base; path = Base.lproj/LaunchScreen.storyboard; sourceTree = "<group>"; };
		C32715902A5AFDF60018D869 /* Info.plist */ = {isa = PBXFileReference; lastKnownFileType = text.plist.xml; path = Info.plist; sourceTree = "<group>"; };
		C32715962A5B00EB0018D869 /* Token.swift */ = {isa = PBXFileReference; lastKnownFileType = sourcecode.swift; path = Token.swift; sourceTree = "<group>"; };
		C3C839CD2A5D8A6800FC8F2D /* RegisterViewController.swift */ = {isa = PBXFileReference; lastKnownFileType = sourcecode.swift; path = RegisterViewController.swift; sourceTree = "<group>"; };
		C3C839CF2A5D9A9500FC8F2D /* RegisterViewModel.swift */ = {isa = PBXFileReference; lastKnownFileType = sourcecode.swift; path = RegisterViewModel.swift; sourceTree = "<group>"; };
		C3C839D12A5D9EAB00FC8F2D /* ClientViewModel.swift */ = {isa = PBXFileReference; lastKnownFileType = sourcecode.swift; path = ClientViewModel.swift; sourceTree = "<group>"; };
		C3EFD94A2A5EC62D0075BCD1 /* Services.swift */ = {isa = PBXFileReference; lastKnownFileType = sourcecode.swift; path = Services.swift; sourceTree = "<group>"; };
		C3EFD94C2A5EDC780075BCD1 /* MutualExtension.swift */ = {isa = PBXFileReference; lastKnownFileType = sourcecode.swift; path = MutualExtension.swift; sourceTree = "<group>"; };
		C3EFD94F2A5EE4F20075BCD1 /* HomeViewController.swift */ = {isa = PBXFileReference; lastKnownFileType = sourcecode.swift; path = HomeViewController.swift; sourceTree = "<group>"; };
/* End PBXFileReference section */

/* Begin PBXFrameworksBuildPhase section */
		C327157C2A5AFDF50018D869 /* Frameworks */ = {
			isa = PBXFrameworksBuildPhase;
			buildActionMask = 2147483647;
			files = (
				FA75C800DBC7F36DE78A173D /* Pods_testProject.framework in Frameworks */,
			);
			runOnlyForDeploymentPostprocessing = 0;
		};
/* End PBXFrameworksBuildPhase section */

/* Begin PBXGroup section */
		824F703E807FC88D1BB90094 /* Frameworks */ = {
			isa = PBXGroup;
			children = (
				97AB5342F7A9A7074A8F37EC /* Pods_testProject.framework */,
			);
			name = Frameworks;
			sourceTree = "<group>";
		};
		90652091D4A0B767666E8DE5 /* Pods */ = {
			isa = PBXGroup;
			children = (
				4C838C95FE64DB679D0E20F1 /* Pods-testProject.debug.xcconfig */,
				91DAE956585A9852C67C1A38 /* Pods-testProject.release.xcconfig */,
			);
			path = Pods;
			sourceTree = "<group>";
		};
		C30F48802A5D74B8002F0534 /* Model */ = {
			isa = PBXGroup;
			children = (
				C301169F2A5B36D20045DE7F /* User.swift */,
				C32715962A5B00EB0018D869 /* Token.swift */,
				C301169D2A5B345B0045DE7F /* ClientToken.swift */,
				C3EFD94A2A5EC62D0075BCD1 /* Services.swift */,
			);
			path = Model;
			sourceTree = "<group>";
		};
		C30F48812A5D74BE002F0534 /* View */ = {
			isa = PBXGroup;
			children = (
				C32715822A5AFDF60018D869 /* AppDelegate.swift */,
				C32715842A5AFDF60018D869 /* SceneDelegate.swift */,
				C32715862A5AFDF60018D869 /* LoginViewController.swift */,
				C3C839CD2A5D8A6800FC8F2D /* RegisterViewController.swift */,
				C3EFD94F2A5EE4F20075BCD1 /* HomeViewController.swift */,
			);
			path = View;
			sourceTree = "<group>";
		};
		C30F48822A5D74C7002F0534 /* VİewModel */ = {
			isa = PBXGroup;
			children = (
				C30F487D2A5D6F52002F0534 /* LoginViewModel.swift */,
				C3C839CF2A5D9A9500FC8F2D /* RegisterViewModel.swift */,
				C3C839D12A5D9EAB00FC8F2D /* ClientViewModel.swift */,
			);
			name = "VİewModel";
			path = "VİewModel";
			sourceTree = "<group>";
		};
		C32715762A5AFDF50018D869 = {
			isa = PBXGroup;
			children = (
				C32715812A5AFDF60018D869 /* testProject */,
				C32715802A5AFDF60018D869 /* Products */,
				90652091D4A0B767666E8DE5 /* Pods */,
				824F703E807FC88D1BB90094 /* Frameworks */,
			);
			sourceTree = "<group>";
		};
		C32715802A5AFDF60018D869 /* Products */ = {
			isa = PBXGroup;
			children = (
				C327157F2A5AFDF60018D869 /* testProject.app */,
			);
			name = Products;
			sourceTree = "<group>";
		};
		C32715812A5AFDF60018D869 /* testProject */ = {
			isa = PBXGroup;
			children = (
				C3EFD94E2A5EDE050075BCD1 /* Extension */,
				C30F48822A5D74C7002F0534 /* VİewModel */,
				C30F48812A5D74BE002F0534 /* View */,
				C30F48802A5D74B8002F0534 /* Model */,
				C32715882A5AFDF60018D869 /* Main.storyboard */,
				C327158B2A5AFDF60018D869 /* Assets.xcassets */,
				C327158D2A5AFDF60018D869 /* LaunchScreen.storyboard */,
				C32715902A5AFDF60018D869 /* Info.plist */,
			);
			path = testProject;
			sourceTree = "<group>";
		};
		C3EFD94E2A5EDE050075BCD1 /* Extension */ = {
			isa = PBXGroup;
			children = (
				C3EFD94C2A5EDC780075BCD1 /* MutualExtension.swift */,
				C30655432A5F1FFE009E7CA1 /* JWT.swift */,
			);
			path = Extension;
			sourceTree = "<group>";
		};
/* End PBXGroup section */

/* Begin PBXNativeTarget section */
		C327157E2A5AFDF50018D869 /* testProject */ = {
			isa = PBXNativeTarget;
			buildConfigurationList = C32715932A5AFDF60018D869 /* Build configuration list for PBXNativeTarget "testProject" */;
			buildPhases = (
				D7A6608DAB11246E27A5DED1 /* [CP] Check Pods Manifest.lock */,
				C327157B2A5AFDF50018D869 /* Sources */,
				C327157C2A5AFDF50018D869 /* Frameworks */,
				C327157D2A5AFDF50018D869 /* Resources */,
				EB2085927794D009EF02EAE5 /* [CP] Embed Pods Frameworks */,
			);
			buildRules = (
			);
			dependencies = (
			);
			name = testProject;
			productName = testProject;
			productReference = C327157F2A5AFDF60018D869 /* testProject.app */;
			productType = "com.apple.product-type.application";
		};
/* End PBXNativeTarget section */

/* Begin PBXProject section */
		C32715772A5AFDF50018D869 /* Project object */ = {
			isa = PBXProject;
			attributes = {
				BuildIndependentTargetsInParallel = 1;
				LastSwiftUpdateCheck = 1430;
				LastUpgradeCheck = 1430;
				TargetAttributes = {
					C327157E2A5AFDF50018D869 = {
						CreatedOnToolsVersion = 14.3.1;
					};
				};
			};
			buildConfigurationList = C327157A2A5AFDF50018D869 /* Build configuration list for PBXProject "testProject" */;
			compatibilityVersion = "Xcode 14.0";
			developmentRegion = en;
			hasScannedForEncodings = 0;
			knownRegions = (
				en,
				Base,
			);
			mainGroup = C32715762A5AFDF50018D869;
			productRefGroup = C32715802A5AFDF60018D869 /* Products */;
			projectDirPath = "";
			projectRoot = "";
			targets = (
				C327157E2A5AFDF50018D869 /* testProject */,
			);
		};
/* End PBXProject section */

/* Begin PBXResourcesBuildPhase section */
		C327157D2A5AFDF50018D869 /* Resources */ = {
			isa = PBXResourcesBuildPhase;
			buildActionMask = 2147483647;
			files = (
				C327158F2A5AFDF60018D869 /* LaunchScreen.storyboard in Resources */,
				C327158C2A5AFDF60018D869 /* Assets.xcassets in Resources */,
				C327158A2A5AFDF60018D869 /* Main.storyboard in Resources */,
			);
			runOnlyForDeploymentPostprocessing = 0;
		};
/* End PBXResourcesBuildPhase section */

/* Begin PBXShellScriptBuildPhase section */
		D7A6608DAB11246E27A5DED1 /* [CP] Check Pods Manifest.lock */ = {
			isa = PBXShellScriptBuildPhase;
			buildActionMask = 2147483647;
			files = (
			);
			inputFileListPaths = (
			);
			inputPaths = (
				"${PODS_PODFILE_DIR_PATH}/Podfile.lock",
				"${PODS_ROOT}/Manifest.lock",
			);
			name = "[CP] Check Pods Manifest.lock";
			outputFileListPaths = (
			);
			outputPaths = (
				"$(DERIVED_FILE_DIR)/Pods-testProject-checkManifestLockResult.txt",
			);
			runOnlyForDeploymentPostprocessing = 0;
			shellPath = /bin/sh;
			shellScript = "diff \"${PODS_PODFILE_DIR_PATH}/Podfile.lock\" \"${PODS_ROOT}/Manifest.lock\" > /dev/null\nif [ $? != 0 ] ; then\n    # print error to STDERR\n    echo \"error: The sandbox is not in sync with the Podfile.lock. Run 'pod install' or update your CocoaPods installation.\" >&2\n    exit 1\nfi\n# This output is used by Xcode 'outputs' to avoid re-running this script phase.\necho \"SUCCESS\" > \"${SCRIPT_OUTPUT_FILE_0}\"\n";
			showEnvVarsInLog = 0;
		};
		EB2085927794D009EF02EAE5 /* [CP] Embed Pods Frameworks */ = {
			isa = PBXShellScriptBuildPhase;
			buildActionMask = 2147483647;
			files = (
			);
			inputFileListPaths = (
				"${PODS_ROOT}/Target Support Files/Pods-testProject/Pods-testProject-frameworks-${CONFIGURATION}-input-files.xcfilelist",
			);
			name = "[CP] Embed Pods Frameworks";
			outputFileListPaths = (
				"${PODS_ROOT}/Target Support Files/Pods-testProject/Pods-testProject-frameworks-${CONFIGURATION}-output-files.xcfilelist",
			);
			runOnlyForDeploymentPostprocessing = 0;
			shellPath = /bin/sh;
			shellScript = "\"${PODS_ROOT}/Target Support Files/Pods-testProject/Pods-testProject-frameworks.sh\"\n";
			showEnvVarsInLog = 0;
		};
/* End PBXShellScriptBuildPhase section */

/* Begin PBXSourcesBuildPhase section */
		C327157B2A5AFDF50018D869 /* Sources */ = {
			isa = PBXSourcesBuildPhase;
			buildActionMask = 2147483647;
			files = (
				C30F487E2A5D6F52002F0534 /* LoginViewModel.swift in Sources */,
				C32715872A5AFDF60018D869 /* LoginViewController.swift in Sources */,
				C32715832A5AFDF60018D869 /* AppDelegate.swift in Sources */,
				C3EFD94D2A5EDC780075BCD1 /* MutualExtension.swift in Sources */,
				C3EFD94B2A5EC62D0075BCD1 /* Services.swift in Sources */,
				C3C839CE2A5D8A6800FC8F2D /* RegisterViewController.swift in Sources */,
				C30116A02A5B36D20045DE7F /* User.swift in Sources */,
				C32715852A5AFDF60018D869 /* SceneDelegate.swift in Sources */,
				C301169E2A5B345B0045DE7F /* ClientToken.swift in Sources */,
				C30655442A5F1FFE009E7CA1 /* JWT.swift in Sources */,
				C3C839D22A5D9EAB00FC8F2D /* ClientViewModel.swift in Sources */,
				C3C839D02A5D9A9500FC8F2D /* RegisterViewModel.swift in Sources */,
				C3EFD9502A5EE4F20075BCD1 /* HomeViewController.swift in Sources */,
				C32715972A5B00EB0018D869 /* Token.swift in Sources */,
			);
			runOnlyForDeploymentPostprocessing = 0;
		};
/* End PBXSourcesBuildPhase section */

/* Begin PBXVariantGroup section */
		C32715882A5AFDF60018D869 /* Main.storyboard */ = {
			isa = PBXVariantGroup;
			children = (
				C32715892A5AFDF60018D869 /* Base */,
			);
			name = Main.storyboard;
			sourceTree = "<group>";
		};
		C327158D2A5AFDF60018D869 /* LaunchScreen.storyboard */ = {
			isa = PBXVariantGroup;
			children = (
				C327158E2A5AFDF60018D869 /* Base */,
			);
			name = LaunchScreen.storyboard;
			sourceTree = "<group>";
		};
/* End PBXVariantGroup section */

/* Begin XCBuildConfiguration section */
		C32715912A5AFDF60018D869 /* Debug */ = {
			isa = XCBuildConfiguration;
			buildSettings = {
				ALWAYS_SEARCH_USER_PATHS = NO;
				CLANG_ANALYZER_NONNULL = YES;
				CLANG_ANALYZER_NUMBER_OBJECT_CONVERSION = YES_AGGRESSIVE;
				CLANG_CXX_LANGUAGE_STANDARD = "gnu++20";
				CLANG_ENABLE_MODULES = YES;
				CLANG_ENABLE_OBJC_ARC = YES;
				CLANG_ENABLE_OBJC_WEAK = YES;
				CLANG_WARN_BLOCK_CAPTURE_AUTORELEASING = YES;
				CLANG_WARN_BOOL_CONVERSION = YES;
				CLANG_WARN_COMMA = YES;
				CLANG_WARN_CONSTANT_CONVERSION = YES;
				CLANG_WARN_DEPRECATED_OBJC_IMPLEMENTATIONS = YES;
				CLANG_WARN_DIRECT_OBJC_ISA_USAGE = YES_ERROR;
				CLANG_WARN_DOCUMENTATION_COMMENTS = YES;
				CLANG_WARN_EMPTY_BODY = YES;
				CLANG_WARN_ENUM_CONVERSION = YES;
				CLANG_WARN_INFINITE_RECURSION = YES;
				CLANG_WARN_INT_CONVERSION = YES;
				CLANG_WARN_NON_LITERAL_NULL_CONVERSION = YES;
				CLANG_WARN_OBJC_IMPLICIT_RETAIN_SELF = YES;
				CLANG_WARN_OBJC_LITERAL_CONVERSION = YES;
				CLANG_WARN_OBJC_ROOT_CLASS = YES_ERROR;
				CLANG_WARN_QUOTED_INCLUDE_IN_FRAMEWORK_HEADER = YES;
				CLANG_WARN_RANGE_LOOP_ANALYSIS = YES;
				CLANG_WARN_STRICT_PROTOTYPES = YES;
				CLANG_WARN_SUSPICIOUS_MOVE = YES;
				CLANG_WARN_UNGUARDED_AVAILABILITY = YES_AGGRESSIVE;
				CLANG_WARN_UNREACHABLE_CODE = YES;
				CLANG_WARN__DUPLICATE_METHOD_MATCH = YES;
				COPY_PHASE_STRIP = NO;
				DEBUG_INFORMATION_FORMAT = dwarf;
				ENABLE_STRICT_OBJC_MSGSEND = YES;
				ENABLE_TESTABILITY = YES;
				GCC_C_LANGUAGE_STANDARD = gnu11;
				GCC_DYNAMIC_NO_PIC = NO;
				GCC_NO_COMMON_BLOCKS = YES;
				GCC_OPTIMIZATION_LEVEL = 0;
				GCC_PREPROCESSOR_DEFINITIONS = (
					"DEBUG=1",
					"$(inherited)",
				);
				GCC_WARN_64_TO_32_BIT_CONVERSION = YES;
				GCC_WARN_ABOUT_RETURN_TYPE = YES_ERROR;
				GCC_WARN_UNDECLARED_SELECTOR = YES;
				GCC_WARN_UNINITIALIZED_AUTOS = YES_AGGRESSIVE;
				GCC_WARN_UNUSED_FUNCTION = YES;
				GCC_WARN_UNUSED_VARIABLE = YES;
				IPHONEOS_DEPLOYMENT_TARGET = 16.4;
				MTL_ENABLE_DEBUG_INFO = INCLUDE_SOURCE;
				MTL_FAST_MATH = YES;
				ONLY_ACTIVE_ARCH = YES;
				SDKROOT = iphoneos;
				SWIFT_ACTIVE_COMPILATION_CONDITIONS = DEBUG;
				SWIFT_OPTIMIZATION_LEVEL = "-Onone";
			};
			name = Debug;
		};
		C32715922A5AFDF60018D869 /* Release */ = {
			isa = XCBuildConfiguration;
			buildSettings = {
				ALWAYS_SEARCH_USER_PATHS = NO;
				CLANG_ANALYZER_NONNULL = YES;
				CLANG_ANALYZER_NUMBER_OBJECT_CONVERSION = YES_AGGRESSIVE;
				CLANG_CXX_LANGUAGE_STANDARD = "gnu++20";
				CLANG_ENABLE_MODULES = YES;
				CLANG_ENABLE_OBJC_ARC = YES;
				CLANG_ENABLE_OBJC_WEAK = YES;
				CLANG_WARN_BLOCK_CAPTURE_AUTORELEASING = YES;
				CLANG_WARN_BOOL_CONVERSION = YES;
				CLANG_WARN_COMMA = YES;
				CLANG_WARN_CONSTANT_CONVERSION = YES;
				CLANG_WARN_DEPRECATED_OBJC_IMPLEMENTATIONS = YES;
				CLANG_WARN_DIRECT_OBJC_ISA_USAGE = YES_ERROR;
				CLANG_WARN_DOCUMENTATION_COMMENTS = YES;
				CLANG_WARN_EMPTY_BODY = YES;
				CLANG_WARN_ENUM_CONVERSION = YES;
				CLANG_WARN_INFINITE_RECURSION = YES;
				CLANG_WARN_INT_CONVERSION = YES;
				CLANG_WARN_NON_LITERAL_NULL_CONVERSION = YES;
				CLANG_WARN_OBJC_IMPLICIT_RETAIN_SELF = YES;
				CLANG_WARN_OBJC_LITERAL_CONVERSION = YES;
				CLANG_WARN_OBJC_ROOT_CLASS = YES_ERROR;
				CLANG_WARN_QUOTED_INCLUDE_IN_FRAMEWORK_HEADER = YES;
				CLANG_WARN_RANGE_LOOP_ANALYSIS = YES;
				CLANG_WARN_STRICT_PROTOTYPES = YES;
				CLANG_WARN_SUSPICIOUS_MOVE = YES;
				CLANG_WARN_UNGUARDED_AVAILABILITY = YES_AGGRESSIVE;
				CLANG_WARN_UNREACHABLE_CODE = YES;
				CLANG_WARN__DUPLICATE_METHOD_MATCH = YES;
				COPY_PHASE_STRIP = NO;
				DEBUG_INFORMATION_FORMAT = "dwarf-with-dsym";
				ENABLE_NS_ASSERTIONS = NO;
				ENABLE_STRICT_OBJC_MSGSEND = YES;
				GCC_C_LANGUAGE_STANDARD = gnu11;
				GCC_NO_COMMON_BLOCKS = YES;
				GCC_WARN_64_TO_32_BIT_CONVERSION = YES;
				GCC_WARN_ABOUT_RETURN_TYPE = YES_ERROR;
				GCC_WARN_UNDECLARED_SELECTOR = YES;
				GCC_WARN_UNINITIALIZED_AUTOS = YES_AGGRESSIVE;
				GCC_WARN_UNUSED_FUNCTION = YES;
				GCC_WARN_UNUSED_VARIABLE = YES;
				IPHONEOS_DEPLOYMENT_TARGET = 16.4;
				MTL_ENABLE_DEBUG_INFO = NO;
				MTL_FAST_MATH = YES;
				SDKROOT = iphoneos;
				SWIFT_COMPILATION_MODE = wholemodule;
				SWIFT_OPTIMIZATION_LEVEL = "-O";
				VALIDATE_PRODUCT = YES;
			};
			name = Release;
		};
		C32715942A5AFDF60018D869 /* Debug */ = {
			isa = XCBuildConfiguration;
			baseConfigurationReference = 4C838C95FE64DB679D0E20F1 /* Pods-testProject.debug.xcconfig */;
			buildSettings = {
				ASSETCATALOG_COMPILER_APPICON_NAME = AppIcon;
				ASSETCATALOG_COMPILER_GLOBAL_ACCENT_COLOR_NAME = AccentColor;
				CODE_SIGN_STYLE = Automatic;
				CURRENT_PROJECT_VERSION = 1;
				GENERATE_INFOPLIST_FILE = YES;
				INFOPLIST_FILE = testProject/Info.plist;
				INFOPLIST_KEY_UIApplicationSupportsIndirectInputEvents = YES;
				INFOPLIST_KEY_UILaunchStoryboardName = LaunchScreen;
				INFOPLIST_KEY_UIMainStoryboardFile = Main;
				INFOPLIST_KEY_UISupportedInterfaceOrientations_iPad = "UIInterfaceOrientationPortrait UIInterfaceOrientationPortraitUpsideDown UIInterfaceOrientationLandscapeLeft UIInterfaceOrientationLandscapeRight";
				INFOPLIST_KEY_UISupportedInterfaceOrientations_iPhone = "UIInterfaceOrientationPortrait UIInterfaceOrientationLandscapeLeft UIInterfaceOrientationLandscapeRight";
				LD_RUNPATH_SEARCH_PATHS = (
					"$(inherited)",
					"@executable_path/Frameworks",
				);
				MARKETING_VERSION = 1.0;
				PRODUCT_BUNDLE_IDENTIFIER = com.emre.testProject;
				PRODUCT_NAME = "$(TARGET_NAME)";
				SWIFT_EMIT_LOC_STRINGS = YES;
				SWIFT_VERSION = 5.0;
				TARGETED_DEVICE_FAMILY = "1,2";
			};
			name = Debug;
		};
		C32715952A5AFDF60018D869 /* Release */ = {
			isa = XCBuildConfiguration;
			baseConfigurationReference = 91DAE956585A9852C67C1A38 /* Pods-testProject.release.xcconfig */;
			buildSettings = {
				ASSETCATALOG_COMPILER_APPICON_NAME = AppIcon;
				ASSETCATALOG_COMPILER_GLOBAL_ACCENT_COLOR_NAME = AccentColor;
				CODE_SIGN_STYLE = Automatic;
				CURRENT_PROJECT_VERSION = 1;
				GENERATE_INFOPLIST_FILE = YES;
				INFOPLIST_FILE = testProject/Info.plist;
				INFOPLIST_KEY_UIApplicationSupportsIndirectInputEvents = YES;
				INFOPLIST_KEY_UILaunchStoryboardName = LaunchScreen;
				INFOPLIST_KEY_UIMainStoryboardFile = Main;
				INFOPLIST_KEY_UISupportedInterfaceOrientations_iPad = "UIInterfaceOrientationPortrait UIInterfaceOrientationPortraitUpsideDown UIInterfaceOrientationLandscapeLeft UIInterfaceOrientationLandscapeRight";
				INFOPLIST_KEY_UISupportedInterfaceOrientations_iPhone = "UIInterfaceOrientationPortrait UIInterfaceOrientationLandscapeLeft UIInterfaceOrientationLandscapeRight";
				LD_RUNPATH_SEARCH_PATHS = (
					"$(inherited)",
					"@executable_path/Frameworks",
				);
				MARKETING_VERSION = 1.0;
				PRODUCT_BUNDLE_IDENTIFIER = com.emre.testProject;
				PRODUCT_NAME = "$(TARGET_NAME)";
				SWIFT_EMIT_LOC_STRINGS = YES;
				SWIFT_VERSION = 5.0;
				TARGETED_DEVICE_FAMILY = "1,2";
			};
			name = Release;
		};
/* End XCBuildConfiguration section */

/* Begin XCConfigurationList section */
		C327157A2A5AFDF50018D869 /* Build configuration list for PBXProject "testProject" */ = {
			isa = XCConfigurationList;
			buildConfigurations = (
				C32715912A5AFDF60018D869 /* Debug */,
				C32715922A5AFDF60018D869 /* Release */,
			);
			defaultConfigurationIsVisible = 0;
			defaultConfigurationName = Release;
		};
		C32715932A5AFDF60018D869 /* Build configuration list for PBXNativeTarget "testProject" */ = {
			isa = XCConfigurationList;
			buildConfigurations = (
				C32715942A5AFDF60018D869 /* Debug */,
				C32715952A5AFDF60018D869 /* Release */,
			);
			defaultConfigurationIsVisible = 0;
			defaultConfigurationName = Release;
		};
/* End XCConfigurationList section */
	};
	rootObject = C32715772A5AFDF50018D869 /* Project object */;
}
