PODS:
  - Alamofire (5.7.1)
  - JWTDecode (3.1.0)
  - Socket.IO-Client-Swift (16.0.1):
    - Starscream (~> 4.0)
  - Starscream (4.0.4)

DEPENDENCIES:
  - Alamofire
  - JWTDecode (~> 3.1)
  - Socket.IO-Client-Swift (~> 16.0.1)

SPEC REPOS:
  trunk:
    - Alamofire
    - JWTDecode
    - Socket.IO-Client-Swift
    - Starscream

SPEC CHECKSUMS:
  Alamofire: 0123a34370cb170936ae79a8df46cc62b2edeb88
  JWTDecode: 3eaab1e06b6f4dcbdd6716aff09ba4c2104ca8b7
  Socket.IO-Client-Swift: c116d6dc9fd6be9c259bacfe143f8725bce7d79e
  Starscream: 5178aed56b316f13fa3bc55694e583d35dd414d9

PODFILE CHECKSUM: f12670f97dd0ee5d9181b800b8047c9a70544522

COCOAPODS: 1.12.0
