// !$*UTF8*$!
{
	archiveVersion = 1;
	classes = {
	};
	objectVersion = 56;
	objects = {

/* Begin PBXBuildFile section */
		C301169E2A5B345B0045DE7F /* ClientToken.swift in Sources */ = {isa = PBXBuildFile; fileRef = C301169D2A5B345B0045DE7F /* ClientToken.swift */; };
		C30116A02A5B36D20045DE7F /* User.swift in Sources */ = {isa = PBXBuildFile; fileRef = C301169F2A5B36D20045DE7F /* User.swift */; };
		C30655442A5F1FFE009E7CA1 /* JWT.swift in Sources */ = {isa = PBXBuildFile; fileRef = C30655432A5F1FFE009E7CA1 /* JWT.swift */; };
		C30655462A607281009E7CA1 /* RegisteredUser.swift in Sources */ = {isa = PBXBuildFile; fileRef = C30655452A607281009E7CA1 /* RegisteredUser.swift */; };
		C30E628F2A6BEF4D00E29762 /* ClientService.swift in Sources */ = {isa = PBXBuildFile; fileRef = C30E628E2A6BEF4D00E29762 /* ClientService.swift */; };
		C30F487E2A5D6F52002F0534 /* LoginViewModel.swift in Sources */ = {isa = PBXBuildFile; fileRef = C30F487D2A5D6F52002F0534 /* LoginViewModel.swift */; };
		C31705582A729BBE008E69D2 /* GroupNameViewController.swift in Sources */ = {isa = PBXBuildFile; fileRef = C31705572A729BBE008E69D2 /* GroupNameViewController.swift */; };
		C317055A2A729E83008E69D2 /* GroupRoom.swift in Sources */ = {isa = PBXBuildFile; fileRef = C31705592A729E83008E69D2 /* GroupRoom.swift */; };
		C317055C2A729EB3008E69D2 /* GroupNameViewModel.swift in Sources */ = {isa = PBXBuildFile; fileRef = C317055B2A729EB3008E69D2 /* GroupNameViewModel.swift */; };
		C32715832A5AFDF60018D869 /* AppDelegate.swift in Sources */ = {isa = PBXBuildFile; fileRef = C32715822A5AFDF60018D869 /* AppDelegate.swift */; };
		C32715852A5AFDF60018D869 /* SceneDelegate.swift in Sources */ = {isa = PBXBuildFile; fileRef = C32715842A5AFDF60018D869 /* SceneDelegate.swift */; };
		C32715872A5AFDF60018D869 /* LoginViewController.swift in Sources */ = {isa = PBXBuildFile; fileRef = C32715862A5AFDF60018D869 /* LoginViewController.swift */; };
		C327158A2A5AFDF60018D869 /* Main.storyboard in Resources */ = {isa = PBXBuildFile; fileRef = C32715882A5AFDF60018D869 /* Main.storyboard */; };
		C327158C2A5AFDF60018D869 /* Assets.xcassets in Resources */ = {isa = PBXBuildFile; fileRef = C327158B2A5AFDF60018D869 /* Assets.xcassets */; };
		C327158F2A5AFDF60018D869 /* LaunchScreen.storyboard in Resources */ = {isa = PBXBuildFile; fileRef = C327158D2A5AFDF60018D869 /* LaunchScreen.storyboard */; };
		C32715972A5B00EB0018D869 /* UserToken.swift in Sources */ = {isa = PBXBuildFile; fileRef = C32715962A5B00EB0018D869 /* UserToken.swift */; };
		C32D601D2A642ACD006ACAEE /* UserService.swift in Sources */ = {isa = PBXBuildFile; fileRef = C32D601C2A642ACD006ACAEE /* UserService.swift */; };
		C32D60272A64651A006ACAEE /* UserTokenRequest.swift in Sources */ = {isa = PBXBuildFile; fileRef = C32D60262A64651A006ACAEE /* UserTokenRequest.swift */; };
		C32D602A2A646632006ACAEE /* GrantType.swift in Sources */ = {isa = PBXBuildFile; fileRef = C32D60292A646632006ACAEE /* GrantType.swift */; };
		C33A40242A73D99A0089C2DC /* Message.swift in Sources */ = {isa = PBXBuildFile; fileRef = C33A40232A73D99A0089C2DC /* Message.swift */; };
		C33A40262A73DBCA0089C2DC /* HomeGetMessage.swift in Sources */ = {isa = PBXBuildFile; fileRef = C33A40252A73DBCA0089C2DC /* HomeGetMessage.swift */; };
		C38161612A7146B6004912A0 /* ContactsViewModel.swift in Sources */ = {isa = PBXBuildFile; fileRef = C38161602A7146B6004912A0 /* ContactsViewModel.swift */; };
		C38161632A7164B3004912A0 /* MessageViewModel.swift in Sources */ = {isa = PBXBuildFile; fileRef = C38161622A7164B3004912A0 /* MessageViewModel.swift */; };
		C39800052A7011E800E39519 /* NewContactViewController.swift in Sources */ = {isa = PBXBuildFile; fileRef = C39800042A7011E800E39519 /* NewContactViewController.swift */; };
		C39800072A70189900E39519 /* NewContactViewModel.swift in Sources */ = {isa = PBXBuildFile; fileRef = C39800062A70189900E39519 /* NewContactViewModel.swift */; };
		C39800092A701AE000E39519 /* PhoneNumbers.swift in Sources */ = {isa = PBXBuildFile; fileRef = C39800082A701AE000E39519 /* PhoneNumbers.swift */; };
		C398000B2A701D9C00E39519 /* RoomId.swift in Sources */ = {isa = PBXBuildFile; fileRef = C398000A2A701D9C00E39519 /* RoomId.swift */; };
		C39BDCC02A658DDA00305CEE /* HomeViewModel.swift in Sources */ = {isa = PBXBuildFile; fileRef = C39BDCBF2A658DDA00305CEE /* HomeViewModel.swift */; };
		C39BDCC42A659CBF00305CEE /* UserTokenService.swift in Sources */ = {isa = PBXBuildFile; fileRef = C39BDCC32A659CBF00305CEE /* UserTokenService.swift */; };
		C3B7B79B2A6804CE00C6257E /* UserTableViewCell.swift in Sources */ = {isa = PBXBuildFile; fileRef = C3B7B79A2A6804CE00C6257E /* UserTableViewCell.swift */; };
		C3B7B79F2A68137500C6257E /* MessageViewController.swift in Sources */ = {isa = PBXBuildFile; fileRef = C3B7B79E2A68137500C6257E /* MessageViewController.swift */; };
		C3B7B7A12A6817FD00C6257E /* MessageTableViewCell.swift in Sources */ = {isa = PBXBuildFile; fileRef = C3B7B7A02A6817FD00C6257E /* MessageTableViewCell.swift */; };
		C3B7B7A52A6840A500C6257E /* ChatMessage.swift in Sources */ = {isa = PBXBuildFile; fileRef = C3B7B7A42A6840A500C6257E /* ChatMessage.swift */; };
		C3B7B7A72A6841A800C6257E /* RoomProfile.swift in Sources */ = {isa = PBXBuildFile; fileRef = C3B7B7A62A6841A800C6257E /* RoomProfile.swift */; };
		C3C839CE2A5D8A6800FC8F2D /* RegisterViewController.swift in Sources */ = {isa = PBXBuildFile; fileRef = C3C839CD2A5D8A6800FC8F2D /* RegisterViewController.swift */; };
		C3C839D02A5D9A9500FC8F2D /* RegisterViewModel.swift in Sources */ = {isa = PBXBuildFile; fileRef = C3C839CF2A5D9A9500FC8F2D /* RegisterViewModel.swift */; };
		C3C839D22A5D9EAB00FC8F2D /* ClientViewModel.swift in Sources */ = {isa = PBXBuildFile; fileRef = C3C839D12A5D9EAB00FC8F2D /* ClientViewModel.swift */; };
		C3C939A12A6AB8190099D914 /* LoggedUser.swift in Sources */ = {isa = PBXBuildFile; fileRef = C3C939A02A6AB8190099D914 /* LoggedUser.swift */; };
		C3CA9A4D2A61C26400C89ADD /* ResetPasswordViewController.swift in Sources */ = {isa = PBXBuildFile; fileRef = C3CA9A4C2A61C26400C89ADD /* ResetPasswordViewController.swift */; };
		C3CA9A4F2A61C68C00C89ADD /* ResetPasswordViewModel.swift in Sources */ = {isa = PBXBuildFile; fileRef = C3CA9A4E2A61C68C00C89ADD /* ResetPasswordViewModel.swift */; };
		C3CA9A512A61D04800C89ADD /* ClientTokenService.swift in Sources */ = {isa = PBXBuildFile; fileRef = C3CA9A502A61D04800C89ADD /* ClientTokenService.swift */; };
		C3DED87C2A7A88E400709AC9 /* SocketService.swift in Sources */ = {isa = PBXBuildFile; fileRef = C3DED87B2A7A88E400709AC9 /* SocketService.swift */; };
		C3EC43362A6ED2EF006BB10E /* MessageService.swift in Sources */ = {isa = PBXBuildFile; fileRef = C3EC43352A6ED2EF006BB10E /* MessageService.swift */; };
		C3EC43382A6EEC90006BB10E /* ContactsViewController.swift in Sources */ = {isa = PBXBuildFile; fileRef = C3EC43372A6EEC90006BB10E /* ContactsViewController.swift */; };
		C3EFD94B2A5EC62D0075BCD1 /* Services.swift in Sources */ = {isa = PBXBuildFile; fileRef = C3EFD94A2A5EC62D0075BCD1 /* Services.swift */; };
		C3EFD94D2A5EDC780075BCD1 /* MutualExtension.swift in Sources */ = {isa = PBXBuildFile; fileRef = C3EFD94C2A5EDC780075BCD1 /* MutualExtension.swift */; };
		C3EFD9502A5EE4F20075BCD1 /* HomeViewController.swift in Sources */ = {isa = PBXBuildFile; fileRef = C3EFD94F2A5EE4F20075BCD1 /* HomeViewController.swift */; };
		FA75C800DBC7F36DE78A173D /* Pods_testProject.framework in Frameworks */ = {isa = PBXBuildFile; fileRef = 97AB5342F7A9A7074A8F37EC /* Pods_testProject.framework */; };
/* End PBXBuildFile section */

/* Begin PBXFileReference section */
		4C838C95FE64DB679D0E20F1 /* Pods-testProject.debug.xcconfig */ = {isa = PBXFileReference; includeInIndex = 1; lastKnownFileType = text.xcconfig; name = "Pods-testProject.debug.xcconfig"; path = "Target Support Files/Pods-testProject/Pods-testProject.debug.xcconfig"; sourceTree = "<group>"; };
		91DAE956585A9852C67C1A38 /* Pods-testProject.release.xcconfig */ = {isa = PBXFileReference; includeInIndex = 1; lastKnownFileType = text.xcconfig; name = "Pods-testProject.release.xcconfig"; path = "Target Support Files/Pods-testProject/Pods-testProject.release.xcconfig"; sourceTree = "<group>"; };
		97AB5342F7A9A7074A8F37EC /* Pods_testProject.framework */ = {isa = PBXFileReference; explicitFileType = wrapper.framework; includeInIndex = 0; path = Pods_testProject.framework; sourceTree = BUILT_PRODUCTS_DIR; };
		C301169D2A5B345B0045DE7F /* ClientToken.swift */ = {isa = PBXFileReference; lastKnownFileType = sourcecode.swift; path = ClientToken.swift; sourceTree = "<group>"; };
		C301169F2A5B36D20045DE7F /* User.swift */ = {isa = PBXFileReference; lastKnownFileType = sourcecode.swift; path = User.swift; sourceTree = "<group>"; };
		C30655432A5F1FFE009E7CA1 /* JWT.swift */ = {isa = PBXFileReference; lastKnownFileType = sourcecode.swift; path = JWT.swift; sourceTree = "<group>"; };
		C30655452A607281009E7CA1 /* RegisteredUser.swift */ = {isa = PBXFileReference; lastKnownFileType = sourcecode.swift; path = RegisteredUser.swift; sourceTree = "<group>"; };
		C30E628E2A6BEF4D00E29762 /* ClientService.swift */ = {isa = PBXFileReference; lastKnownFileType = sourcecode.swift; path = ClientService.swift; sourceTree = "<group>"; };
		C30F487D2A5D6F52002F0534 /* LoginViewModel.swift */ = {isa = PBXFileReference; lastKnownFileType = sourcecode.swift; path = LoginViewModel.swift; sourceTree = "<group>"; };
		C31705572A729BBE008E69D2 /* GroupNameViewController.swift */ = {isa = PBXFileReference; lastKnownFileType = sourcecode.swift; path = GroupNameViewController.swift; sourceTree = "<group>"; };
		C31705592A729E83008E69D2 /* GroupRoom.swift */ = {isa = PBXFileReference; lastKnownFileType = sourcecode.swift; path = GroupRoom.swift; sourceTree = "<group>"; };
		C317055B2A729EB3008E69D2 /* GroupNameViewModel.swift */ = {isa = PBXFileReference; lastKnownFileType = sourcecode.swift; path = GroupNameViewModel.swift; sourceTree = "<group>"; };
		C327157F2A5AFDF60018D869 /* WhatChat.app */ = {isa = PBXFileReference; explicitFileType = wrapper.application; includeInIndex = 0; path = WhatChat.app; sourceTree = BUILT_PRODUCTS_DIR; };
		C32715822A5AFDF60018D869 /* AppDelegate.swift */ = {isa = PBXFileReference; lastKnownFileType = sourcecode.swift; path = AppDelegate.swift; sourceTree = "<group>"; };
		C32715842A5AFDF60018D869 /* SceneDelegate.swift */ = {isa = PBXFileReference; lastKnownFileType = sourcecode.swift; path = SceneDelegate.swift; sourceTree = "<group>"; };
		C32715862A5AFDF60018D869 /* LoginViewController.swift */ = {isa = PBXFileReference; lastKnownFileType = sourcecode.swift; path = LoginViewController.swift; sourceTree = "<group>"; };
		C32715892A5AFDF60018D869 /* Base */ = {isa = PBXFileReference; lastKnownFileType = file.storyboard; name = Base; path = Base.lproj/Main.storyboard; sourceTree = "<group>"; };
		C327158B2A5AFDF60018D869 /* Assets.xcassets */ = {isa = PBXFileReference; lastKnownFileType = folder.assetcatalog; path = Assets.xcassets; sourceTree = "<group>"; };
		C327158E2A5AFDF60018D869 /* Base */ = {isa = PBXFileReference; lastKnownFileType = file.storyboard; name = Base; path = Base.lproj/LaunchScreen.storyboard; sourceTree = "<group>"; };
		C32715902A5AFDF60018D869 /* Info.plist */ = {isa = PBXFileReference; lastKnownFileType = text.plist.xml; path = Info.plist; sourceTree = "<group>"; };
		C32715962A5B00EB0018D869 /* UserToken.swift */ = {isa = PBXFileReference; lastKnownFileType = sourcecode.swift; path = UserToken.swift; sourceTree = "<group>"; };
		C32D601C2A642ACD006ACAEE /* UserService.swift */ = {isa = PBXFileReference; lastKnownFileType = sourcecode.swift; path = UserService.swift; sourceTree = "<group>"; };
		C32D60262A64651A006ACAEE /* UserTokenRequest.swift */ = {isa = PBXFileReference; lastKnownFileType = sourcecode.swift; path = UserTokenRequest.swift; sourceTree = "<group>"; };
		C32D60292A646632006ACAEE /* GrantType.swift */ = {isa = PBXFileReference; lastKnownFileType = sourcecode.swift; path = GrantType.swift; sourceTree = "<group>"; };
		C33A40232A73D99A0089C2DC /* Message.swift */ = {isa = PBXFileReference; lastKnownFileType = sourcecode.swift; path = Message.swift; sourceTree = "<group>"; };
		C33A40252A73DBCA0089C2DC /* HomeGetMessage.swift */ = {isa = PBXFileReference; lastKnownFileType = sourcecode.swift; path = HomeGetMessage.swift; sourceTree = "<group>"; };
		C38161602A7146B6004912A0 /* ContactsViewModel.swift */ = {isa = PBXFileReference; lastKnownFileType = sourcecode.swift; path = ContactsViewModel.swift; sourceTree = "<group>"; };
		C38161622A7164B3004912A0 /* MessageViewModel.swift */ = {isa = PBXFileReference; lastKnownFileType = sourcecode.swift; path = MessageViewModel.swift; sourceTree = "<group>"; };
		C39800042A7011E800E39519 /* NewContactViewController.swift */ = {isa = PBXFileReference; lastKnownFileType = sourcecode.swift; path = NewContactViewController.swift; sourceTree = "<group>"; };
		C39800062A70189900E39519 /* NewContactViewModel.swift */ = {isa = PBXFileReference; lastKnownFileType = sourcecode.swift; path = NewContactViewModel.swift; sourceTree = "<group>"; };
		C39800082A701AE000E39519 /* PhoneNumbers.swift */ = {isa = PBXFileReference; lastKnownFileType = sourcecode.swift; path = PhoneNumbers.swift; sourceTree = "<group>"; };
		C398000A2A701D9C00E39519 /* RoomId.swift */ = {isa = PBXFileReference; lastKnownFileType = sourcecode.swift; path = RoomId.swift; sourceTree = "<group>"; };
		C39BDCBF2A658DDA00305CEE /* HomeViewModel.swift */ = {isa = PBXFileReference; lastKnownFileType = sourcecode.swift; path = HomeViewModel.swift; sourceTree = "<group>"; };
		C39BDCC32A659CBF00305CEE /* UserTokenService.swift */ = {isa = PBXFileReference; fileEncoding = 4; lastKnownFileType = sourcecode.swift; path = UserTokenService.swift; sourceTree = "<group>"; };
		C3B7B79A2A6804CE00C6257E /* UserTableViewCell.swift */ = {isa = PBXFileReference; lastKnownFileType = sourcecode.swift; path = UserTableViewCell.swift; sourceTree = "<group>"; };
		C3B7B79E2A68137500C6257E /* MessageViewController.swift */ = {isa = PBXFileReference; lastKnownFileType = sourcecode.swift; path = MessageViewController.swift; sourceTree = "<group>"; };
		C3B7B7A02A6817FD00C6257E /* MessageTableViewCell.swift */ = {isa = PBXFileReference; lastKnownFileType = sourcecode.swift; path = MessageTableViewCell.swift; sourceTree = "<group>"; };
		C3B7B7A42A6840A500C6257E /* ChatMessage.swift */ = {isa = PBXFileReference; lastKnownFileType = sourcecode.swift; path = ChatMessage.swift; sourceTree = "<group>"; };
		C3B7B7A62A6841A800C6257E /* RoomProfile.swift */ = {isa = PBXFileReference; lastKnownFileType = sourcecode.swift; path = RoomProfile.swift; sourceTree = "<group>"; };
		C3C839CD2A5D8A6800FC8F2D /* RegisterViewController.swift */ = {isa = PBXFileReference; lastKnownFileType = sourcecode.swift; path = RegisterViewController.swift; sourceTree = "<group>"; };
		C3C839CF2A5D9A9500FC8F2D /* RegisterViewModel.swift */ = {isa = PBXFileReference; lastKnownFileType = sourcecode.swift; path = RegisterViewModel.swift; sourceTree = "<group>"; };
		C3C839D12A5D9EAB00FC8F2D /* ClientViewModel.swift */ = {isa = PBXFileReference; lastKnownFileType = sourcecode.swift; path = ClientViewModel.swift; sourceTree = "<group>"; };
		C3C939A02A6AB8190099D914 /* LoggedUser.swift */ = {isa = PBXFileReference; lastKnownFileType = sourcecode.swift; path = LoggedUser.swift; sourceTree = "<group>"; };
		C3CA9A4C2A61C26400C89ADD /* ResetPasswordViewController.swift */ = {isa = PBXFileReference; lastKnownFileType = sourcecode.swift; path = ResetPasswordViewController.swift; sourceTree = "<group>"; };
		C3CA9A4E2A61C68C00C89ADD /* ResetPasswordViewModel.swift */ = {isa = PBXFileReference; lastKnownFileType = sourcecode.swift; path = ResetPasswordViewModel.swift; sourceTree = "<group>"; };
		C3CA9A502A61D04800C89ADD /* ClientTokenService.swift */ = {isa = PBXFileReference; lastKnownFileType = sourcecode.swift; path = ClientTokenService.swift; sourceTree = "<group>"; };
		C3DED87B2A7A88E400709AC9 /* SocketService.swift */ = {isa = PBXFileReference; lastKnownFileType = sourcecode.swift; path = SocketService.swift; sourceTree = "<group>"; };
		C3EC43352A6ED2EF006BB10E /* MessageService.swift */ = {isa = PBXFileReference; lastKnownFileType = sourcecode.swift; path = MessageService.swift; sourceTree = "<group>"; };
		C3EC43372A6EEC90006BB10E /* ContactsViewController.swift */ = {isa = PBXFileReference; lastKnownFileType = sourcecode.swift; path = ContactsViewController.swift; sourceTree = "<group>"; };
		C3EFD94A2A5EC62D0075BCD1 /* Services.swift */ = {isa = PBXFileReference; lastKnownFileType = sourcecode.swift; path = Services.swift; sourceTree = "<group>"; };
		C3EFD94C2A5EDC780075BCD1 /* MutualExtension.swift */ = {isa = PBXFileReference; lastKnownFileType = sourcecode.swift; path = MutualExtension.swift; sourceTree = "<group>"; };
		C3EFD94F2A5EE4F20075BCD1 /* HomeViewController.swift */ = {isa = PBXFileReference; lastKnownFileType = sourcecode.swift; path = HomeViewController.swift; sourceTree = "<group>"; };
/* End PBXFileReference section */

/* Begin PBXFrameworksBuildPhase section */
		C327157C2A5AFDF50018D869 /* Frameworks */ = {
			isa = PBXFrameworksBuildPhase;
			buildActionMask = 2147483647;
			files = (
				FA75C800DBC7F36DE78A173D /* Pods_testProject.framework in Frameworks */,
			);
			runOnlyForDeploymentPostprocessing = 0;
		};
/* End PBXFrameworksBuildPhase section */

/* Begin PBXGroup section */
		824F703E807FC88D1BB90094 /* Frameworks */ = {
			isa = PBXGroup;
			children = (
				97AB5342F7A9A7074A8F37EC /* Pods_testProject.framework */,
			);
			name = Frameworks;
			sourceTree = "<group>";
		};
		90652091D4A0B767666E8DE5 /* Pods */ = {
			isa = PBXGroup;
			children = (
				4C838C95FE64DB679D0E20F1 /* Pods-testProject.debug.xcconfig */,
				91DAE956585A9852C67C1A38 /* Pods-testProject.release.xcconfig */,
			);
			path = Pods;
			sourceTree = "<group>";
		};
		C30F48802A5D74B8002F0534 /* Model */ = {
			isa = PBXGroup;
			children = (
				C33A40222A73D9880089C2DC /* Message */,
				C3C9399E2A6AB76B0099D914 /* Client */,
				C32D60222A64628E006ACAEE /* User */,
				C398000C2A702DB400E39519 /* Room */,
				C30655452A607281009E7CA1 /* RegisteredUser.swift */,
				C3C939A02A6AB8190099D914 /* LoggedUser.swift */,
			);
			path = Model;
			sourceTree = "<group>";
		};
		C30F48812A5D74BE002F0534 /* View */ = {
			isa = PBXGroup;
			children = (
				C32715862A5AFDF60018D869 /* LoginViewController.swift */,
				C3C839CD2A5D8A6800FC8F2D /* RegisterViewController.swift */,
				C3CA9A4C2A61C26400C89ADD /* ResetPasswordViewController.swift */,
				C3EFD94F2A5EE4F20075BCD1 /* HomeViewController.swift */,
				C3B7B79E2A68137500C6257E /* MessageViewController.swift */,
				C3EC43372A6EEC90006BB10E /* ContactsViewController.swift */,
				C39800042A7011E800E39519 /* NewContactViewController.swift */,
				C31705572A729BBE008E69D2 /* GroupNameViewController.swift */,
			);
			path = View;
			sourceTree = "<group>";
		};
		C30F48822A5D74C7002F0534 /* ViewModel */ = {
			isa = PBXGroup;
			children = (
				C3C839D12A5D9EAB00FC8F2D /* ClientViewModel.swift */,
				C30F487D2A5D6F52002F0534 /* LoginViewModel.swift */,
				C3C839CF2A5D9A9500FC8F2D /* RegisterViewModel.swift */,
				C3CA9A4E2A61C68C00C89ADD /* ResetPasswordViewModel.swift */,
				C39BDCBF2A658DDA00305CEE /* HomeViewModel.swift */,
				C38161622A7164B3004912A0 /* MessageViewModel.swift */,
				C38161602A7146B6004912A0 /* ContactsViewModel.swift */,
				C39800062A70189900E39519 /* NewContactViewModel.swift */,
				C317055B2A729EB3008E69D2 /* GroupNameViewModel.swift */,
			);
			name = ViewModel;
			path = "VİewModel";
			sourceTree = "<group>";
		};
		C32715762A5AFDF50018D869 = {
			isa = PBXGroup;
			children = (
				C32715812A5AFDF60018D869 /* WhatChat */,
				C32715802A5AFDF60018D869 /* Products */,
				90652091D4A0B767666E8DE5 /* Pods */,
				824F703E807FC88D1BB90094 /* Frameworks */,
			);
			sourceTree = "<group>";
		};
		C32715802A5AFDF60018D869 /* Products */ = {
			isa = PBXGroup;
			children = (
				C327157F2A5AFDF60018D869 /* WhatChat.app */,
			);
			name = Products;
			sourceTree = "<group>";
		};
		C32715812A5AFDF60018D869 /* WhatChat */ = {
			isa = PBXGroup;
			children = (
				C32715882A5AFDF60018D869 /* Main.storyboard */,
				C327158B2A5AFDF60018D869 /* Assets.xcassets */,
				C327158D2A5AFDF60018D869 /* LaunchScreen.storyboard */,
				C32715902A5AFDF60018D869 /* Info.plist */,
				C3B7B79D2A68134800C6257E /* Delegate */,
				C3B7B79C2A68129100C6257E /* Cell */,
				C3EFD94E2A5EDE050075BCD1 /* Extension */,
				C30F48822A5D74C7002F0534 /* ViewModel */,
				C30F48812A5D74BE002F0534 /* View */,
				C30F48802A5D74B8002F0534 /* Model */,
				C3C01F7B2A61EF300046F6EE /* Service */,
			);
			path = WhatChat;
			sourceTree = "<group>";
		};
		C32D60222A64628E006ACAEE /* User */ = {
			isa = PBXGroup;
			children = (
				C301169F2A5B36D20045DE7F /* User.swift */,
				C3C9399D2A6AB7420099D914 /* UserService */,
				C32D60232A64629F006ACAEE /* usertoken */,
			);
			path = User;
			sourceTree = "<group>";
		};
		C32D60232A64629F006ACAEE /* usertoken */ = {
			isa = PBXGroup;
			children = (
				C32715962A5B00EB0018D869 /* UserToken.swift */,
				C32D60252A6462B4006ACAEE /* response */,
				C32D60242A6462A7006ACAEE /* request */,
				C32D60292A646632006ACAEE /* GrantType.swift */,
			);
			path = usertoken;
			sourceTree = "<group>";
		};
		C32D60242A6462A7006ACAEE /* request */ = {
			isa = PBXGroup;
			children = (
				C32D60262A64651A006ACAEE /* UserTokenRequest.swift */,
			);
			path = request;
			sourceTree = "<group>";
		};
		C32D60252A6462B4006ACAEE /* response */ = {
			isa = PBXGroup;
			children = (
			);
			path = response;
			sourceTree = "<group>";
		};
		C33A40222A73D9880089C2DC /* Message */ = {
			isa = PBXGroup;
			children = (
				C3B7B7A42A6840A500C6257E /* ChatMessage.swift */,
				C33A40232A73D99A0089C2DC /* Message.swift */,
				C33A40252A73DBCA0089C2DC /* HomeGetMessage.swift */,
			);
			path = Message;
			sourceTree = "<group>";
		};
		C398000C2A702DB400E39519 /* Room */ = {
			isa = PBXGroup;
			children = (
				C3B7B7A62A6841A800C6257E /* RoomProfile.swift */,
				C39800082A701AE000E39519 /* PhoneNumbers.swift */,
				C398000A2A701D9C00E39519 /* RoomId.swift */,
				C31705592A729E83008E69D2 /* GroupRoom.swift */,
			);
			path = Room;
			sourceTree = "<group>";
		};
		C3B7B79C2A68129100C6257E /* Cell */ = {
			isa = PBXGroup;
			children = (
				C3B7B79A2A6804CE00C6257E /* UserTableViewCell.swift */,
				C3B7B7A02A6817FD00C6257E /* MessageTableViewCell.swift */,
			);
			path = Cell;
			sourceTree = "<group>";
		};
		C3B7B79D2A68134800C6257E /* Delegate */ = {
			isa = PBXGroup;
			children = (
				C32715822A5AFDF60018D869 /* AppDelegate.swift */,
				C32715842A5AFDF60018D869 /* SceneDelegate.swift */,
			);
			path = Delegate;
			sourceTree = "<group>";
		};
		C3C01F7B2A61EF300046F6EE /* Service */ = {
			isa = PBXGroup;
			children = (
				C3EFD94A2A5EC62D0075BCD1 /* Services.swift */,
				C3EC43352A6ED2EF006BB10E /* MessageService.swift */,
				C3DED87B2A7A88E400709AC9 /* SocketService.swift */,
			);
			path = Service;
			sourceTree = "<group>";
		};
		C3C9399D2A6AB7420099D914 /* UserService */ = {
			isa = PBXGroup;
			children = (
				C39BDCC32A659CBF00305CEE /* UserTokenService.swift */,
				C32D601C2A642ACD006ACAEE /* UserService.swift */,
			);
			path = UserService;
			sourceTree = "<group>";
		};
		C3C9399E2A6AB76B0099D914 /* Client */ = {
			isa = PBXGroup;
			children = (
				C3C9399F2A6AB7760099D914 /* ClientService */,
				C301169D2A5B345B0045DE7F /* ClientToken.swift */,
			);
			path = Client;
			sourceTree = "<group>";
		};
		C3C9399F2A6AB7760099D914 /* ClientService */ = {
			isa = PBXGroup;
			children = (
				C3CA9A502A61D04800C89ADD /* ClientTokenService.swift */,
				C30E628E2A6BEF4D00E29762 /* ClientService.swift */,
			);
			path = ClientService;
			sourceTree = "<group>";
		};
		C3EFD94E2A5EDE050075BCD1 /* Extension */ = {
			isa = PBXGroup;
			children = (
				C3EFD94C2A5EDC780075BCD1 /* MutualExtension.swift */,
				C30655432A5F1FFE009E7CA1 /* JWT.swift */,
			);
			path = Extension;
			sourceTree = "<group>";
		};
/* End PBXGroup section */

/* Begin PBXNativeTarget section */
		C327157E2A5AFDF50018D869 /* WhatChat */ = {
			isa = PBXNativeTarget;
			buildConfigurationList = C32715932A5AFDF60018D869 /* Build configuration list for PBXNativeTarget "WhatChat" */;
			buildPhases = (
				D7A6608DAB11246E27A5DED1 /* [CP] Check Pods Manifest.lock */,
				C327157B2A5AFDF50018D869 /* Sources */,
				C327157C2A5AFDF50018D869 /* Frameworks */,
				C327157D2A5AFDF50018D869 /* Resources */,
				EB2085927794D009EF02EAE5 /* [CP] Embed Pods Frameworks */,
			);
			buildRules = (
			);
			dependencies = (
			);
			name = WhatChat;
			productName = testProject;
			productReference = C327157F2A5AFDF60018D869 /* WhatChat.app */;
			productType = "com.apple.product-type.application";
		};
/* End PBXNativeTarget section */

/* Begin PBXProject section */
		C32715772A5AFDF50018D869 /* Project object */ = {
			isa = PBXProject;
			attributes = {
				BuildIndependentTargetsInParallel = 1;
				LastSwiftUpdateCheck = 1430;
				LastUpgradeCheck = 1430;
				TargetAttributes = {
					C327157E2A5AFDF50018D869 = {
						CreatedOnToolsVersion = 14.3.1;
					};
				};
			};
			buildConfigurationList = C327157A2A5AFDF50018D869 /* Build configuration list for PBXProject "WhatChat" */;
			compatibilityVersion = "Xcode 14.0";
			developmentRegion = en;
			hasScannedForEncodings = 0;
			knownRegions = (
				en,
				Base,
			);
			mainGroup = C32715762A5AFDF50018D869;
			packageReferences = (
			);
			productRefGroup = C32715802A5AFDF60018D869 /* Products */;
			projectDirPath = "";
			projectRoot = "";
			targets = (
				C327157E2A5AFDF50018D869 /* WhatChat */,
			);
		};
/* End PBXProject section */

/* Begin PBXResourcesBuildPhase section */
		C327157D2A5AFDF50018D869 /* Resources */ = {
			isa = PBXResourcesBuildPhase;
			buildActionMask = 2147483647;
			files = (
				C327158F2A5AFDF60018D869 /* LaunchScreen.storyboard in Resources */,
				C327158C2A5AFDF60018D869 /* Assets.xcassets in Resources */,
				C327158A2A5AFDF60018D869 /* Main.storyboard in Resources */,
			);
			runOnlyForDeploymentPostprocessing = 0;
		};
/* End PBXResourcesBuildPhase section */

/* Begin PBXShellScriptBuildPhase section */
		D7A6608DAB11246E27A5DED1 /* [CP] Check Pods Manifest.lock */ = {
			isa = PBXShellScriptBuildPhase;
			buildActionMask = 2147483647;
			files = (
			);
			inputFileListPaths = (
			);
			inputPaths = (
				"${PODS_PODFILE_DIR_PATH}/Podfile.lock",
				"${PODS_ROOT}/Manifest.lock",
			);
			name = "[CP] Check Pods Manifest.lock";
			outputFileListPaths = (
			);
			outputPaths = (
				"$(DERIVED_FILE_DIR)/Pods-testProject-checkManifestLockResult.txt",
			);
			runOnlyForDeploymentPostprocessing = 0;
			shellPath = /bin/sh;
			shellScript = "diff \"${PODS_PODFILE_DIR_PATH}/Podfile.lock\" \"${PODS_ROOT}/Manifest.lock\" > /dev/null\nif [ $? != 0 ] ; then\n    # print error to STDERR\n    echo \"error: The sandbox is not in sync with the Podfile.lock. Run 'pod install' or update your CocoaPods installation.\" >&2\n    exit 1\nfi\n# This output is used by Xcode 'outputs' to avoid re-running this script phase.\necho \"SUCCESS\" > \"${SCRIPT_OUTPUT_FILE_0}\"\n";
			showEnvVarsInLog = 0;
		};
		EB2085927794D009EF02EAE5 /* [CP] Embed Pods Frameworks */ = {
			isa = PBXShellScriptBuildPhase;
			buildActionMask = 2147483647;
			files = (
			);
			inputFileListPaths = (
				"${PODS_ROOT}/Target Support Files/Pods-testProject/Pods-testProject-frameworks-${CONFIGURATION}-input-files.xcfilelist",
			);
			name = "[CP] Embed Pods Frameworks";
			outputFileListPaths = (
				"${PODS_ROOT}/Target Support Files/Pods-testProject/Pods-testProject-frameworks-${CONFIGURATION}-output-files.xcfilelist",
			);
			runOnlyForDeploymentPostprocessing = 0;
			shellPath = /bin/sh;
			shellScript = "\"${PODS_ROOT}/Target Support Files/Pods-testProject/Pods-testProject-frameworks.sh\"\n";
			showEnvVarsInLog = 0;
		};
/* End PBXShellScriptBuildPhase section */

/* Begin PBXSourcesBuildPhase section */
		C327157B2A5AFDF50018D869 /* Sources */ = {
			isa = PBXSourcesBuildPhase;
			buildActionMask = 2147483647;
			files = (
				C39800072A70189900E39519 /* NewContactViewModel.swift in Sources */,
				C3B7B7A72A6841A800C6257E /* RoomProfile.swift in Sources */,
				C39800052A7011E800E39519 /* NewContactViewController.swift in Sources */,
				C30F487E2A5D6F52002F0534 /* LoginViewModel.swift in Sources */,
				C39BDCC02A658DDA00305CEE /* HomeViewModel.swift in Sources */,
				C33A40262A73DBCA0089C2DC /* HomeGetMessage.swift in Sources */,
				C32D602A2A646632006ACAEE /* GrantType.swift in Sources */,
				C39BDCC42A659CBF00305CEE /* UserTokenService.swift in Sources */,
				C32715872A5AFDF60018D869 /* LoginViewController.swift in Sources */,
				C3B7B7A52A6840A500C6257E /* ChatMessage.swift in Sources */,
				C32D60272A64651A006ACAEE /* UserTokenRequest.swift in Sources */,
				C32715832A5AFDF60018D869 /* AppDelegate.swift in Sources */,
				C3CA9A4D2A61C26400C89ADD /* ResetPasswordViewController.swift in Sources */,
				C38161612A7146B6004912A0 /* ContactsViewModel.swift in Sources */,
				C3EFD94D2A5EDC780075BCD1 /* MutualExtension.swift in Sources */,
				C398000B2A701D9C00E39519 /* RoomId.swift in Sources */,
				C3DED87C2A7A88E400709AC9 /* SocketService.swift in Sources */,
				C3EFD94B2A5EC62D0075BCD1 /* Services.swift in Sources */,
				C3B7B7A12A6817FD00C6257E /* MessageTableViewCell.swift in Sources */,
				C3C839CE2A5D8A6800FC8F2D /* RegisterViewController.swift in Sources */,
				C30E628F2A6BEF4D00E29762 /* ClientService.swift in Sources */,
				C3CA9A4F2A61C68C00C89ADD /* ResetPasswordViewModel.swift in Sources */,
				C317055C2A729EB3008E69D2 /* GroupNameViewModel.swift in Sources */,
				C3EC43362A6ED2EF006BB10E /* MessageService.swift in Sources */,
				C33A40242A73D99A0089C2DC /* Message.swift in Sources */,
				C30116A02A5B36D20045DE7F /* User.swift in Sources */,
				C3B7B79F2A68137500C6257E /* MessageViewController.swift in Sources */,
				C32715852A5AFDF60018D869 /* SceneDelegate.swift in Sources */,
				C3CA9A512A61D04800C89ADD /* ClientTokenService.swift in Sources */,
				C3EC43382A6EEC90006BB10E /* ContactsViewController.swift in Sources */,
				C301169E2A5B345B0045DE7F /* ClientToken.swift in Sources */,
				C30655442A5F1FFE009E7CA1 /* JWT.swift in Sources */,
				C317055A2A729E83008E69D2 /* GroupRoom.swift in Sources */,
				C32D601D2A642ACD006ACAEE /* UserService.swift in Sources */,
				C3C839D22A5D9EAB00FC8F2D /* ClientViewModel.swift in Sources */,
				C3C839D02A5D9A9500FC8F2D /* RegisterViewModel.swift in Sources */,
				C3C939A12A6AB8190099D914 /* LoggedUser.swift in Sources */,
				C38161632A7164B3004912A0 /* MessageViewModel.swift in Sources */,
				C3B7B79B2A6804CE00C6257E /* UserTableViewCell.swift in Sources */,
				C30655462A607281009E7CA1 /* RegisteredUser.swift in Sources */,
				C39800092A701AE000E39519 /* PhoneNumbers.swift in Sources */,
				C3EFD9502A5EE4F20075BCD1 /* HomeViewController.swift in Sources */,
				C32715972A5B00EB0018D869 /* UserToken.swift in Sources */,
				C31705582A729BBE008E69D2 /* GroupNameViewController.swift in Sources */,
			);
			runOnlyForDeploymentPostprocessing = 0;
		};
/* End PBXSourcesBuildPhase section */

/* Begin PBXVariantGroup section */
		C32715882A5AFDF60018D869 /* Main.storyboard */ = {
			isa = PBXVariantGroup;
			children = (
				C32715892A5AFDF60018D869 /* Base */,
			);
			name = Main.storyboard;
			sourceTree = "<group>";
		};
		C327158D2A5AFDF60018D869 /* LaunchScreen.storyboard */ = {
			isa = PBXVariantGroup;
			children = (
				C327158E2A5AFDF60018D869 /* Base */,
			);
			name = LaunchScreen.storyboard;
			sourceTree = "<group>";
		};
/* End PBXVariantGroup section */

/* Begin XCBuildConfiguration section */
		C32715912A5AFDF60018D869 /* Debug */ = {
			isa = XCBuildConfiguration;
			buildSettings = {
				ALWAYS_SEARCH_USER_PATHS = NO;
				CLANG_ANALYZER_NONNULL = YES;
				CLANG_ANALYZER_NUMBER_OBJECT_CONVERSION = YES_AGGRESSIVE;
				CLANG_CXX_LANGUAGE_STANDARD = "gnu++20";
				CLANG_ENABLE_MODULES = YES;
				CLANG_ENABLE_OBJC_ARC = YES;
				CLANG_ENABLE_OBJC_WEAK = YES;
				CLANG_WARN_BLOCK_CAPTURE_AUTORELEASING = YES;
				CLANG_WARN_BOOL_CONVERSION = YES;
				CLANG_WARN_COMMA = YES;
				CLANG_WARN_CONSTANT_CONVERSION = YES;
				CLANG_WARN_DEPRECATED_OBJC_IMPLEMENTATIONS = YES;
				CLANG_WARN_DIRECT_OBJC_ISA_USAGE = YES_ERROR;
				CLANG_WARN_DOCUMENTATION_COMMENTS = YES;
				CLANG_WARN_EMPTY_BODY = YES;
				CLANG_WARN_ENUM_CONVERSION = YES;
				CLANG_WARN_INFINITE_RECURSION = YES;
				CLANG_WARN_INT_CONVERSION = YES;
				CLANG_WARN_NON_LITERAL_NULL_CONVERSION = YES;
				CLANG_WARN_OBJC_IMPLICIT_RETAIN_SELF = YES;
				CLANG_WARN_OBJC_LITERAL_CONVERSION = YES;
				CLANG_WARN_OBJC_ROOT_CLASS = YES_ERROR;
				CLANG_WARN_QUOTED_INCLUDE_IN_FRAMEWORK_HEADER = YES;
				CLANG_WARN_RANGE_LOOP_ANALYSIS = YES;
				CLANG_WARN_STRICT_PROTOTYPES = YES;
				CLANG_WARN_SUSPICIOUS_MOVE = YES;
				CLANG_WARN_UNGUARDED_AVAILABILITY = YES_AGGRESSIVE;
				CLANG_WARN_UNREACHABLE_CODE = YES;
				CLANG_WARN__DUPLICATE_METHOD_MATCH = YES;
				COPY_PHASE_STRIP = NO;
				DEBUG_INFORMATION_FORMAT = dwarf;
				ENABLE_STRICT_OBJC_MSGSEND = YES;
				ENABLE_TESTABILITY = YES;
				GCC_C_LANGUAGE_STANDARD = gnu11;
				GCC_DYNAMIC_NO_PIC = NO;
				GCC_NO_COMMON_BLOCKS = YES;
				GCC_OPTIMIZATION_LEVEL = 0;
				GCC_PREPROCESSOR_DEFINITIONS = (
					"DEBUG=1",
					"$(inherited)",
				);
				GCC_WARN_64_TO_32_BIT_CONVERSION = YES;
				GCC_WARN_ABOUT_RETURN_TYPE = YES_ERROR;
				GCC_WARN_UNDECLARED_SELECTOR = YES;
				GCC_WARN_UNINITIALIZED_AUTOS = YES_AGGRESSIVE;
				GCC_WARN_UNUSED_FUNCTION = YES;
				GCC_WARN_UNUSED_VARIABLE = YES;
				IPHONEOS_DEPLOYMENT_TARGET = 16.4;
				MTL_ENABLE_DEBUG_INFO = INCLUDE_SOURCE;
				MTL_FAST_MATH = YES;
				ONLY_ACTIVE_ARCH = YES;
				SDKROOT = iphoneos;
				SWIFT_ACTIVE_COMPILATION_CONDITIONS = DEBUG;
				SWIFT_OPTIMIZATION_LEVEL = "-Onone";
			};
			name = Debug;
		};
		C32715922A5AFDF60018D869 /* Release */ = {
			isa = XCBuildConfiguration;
			buildSettings = {
				ALWAYS_SEARCH_USER_PATHS = NO;
				CLANG_ANALYZER_NONNULL = YES;
				CLANG_ANALYZER_NUMBER_OBJECT_CONVERSION = YES_AGGRESSIVE;
				CLANG_CXX_LANGUAGE_STANDARD = "gnu++20";
				CLANG_ENABLE_MODULES = YES;
				CLANG_ENABLE_OBJC_ARC = YES;
				CLANG_ENABLE_OBJC_WEAK = YES;
				CLANG_WARN_BLOCK_CAPTURE_AUTORELEASING = YES;
				CLANG_WARN_BOOL_CONVERSION = YES;
				CLANG_WARN_COMMA = YES;
				CLANG_WARN_CONSTANT_CONVERSION = YES;
				CLANG_WARN_DEPRECATED_OBJC_IMPLEMENTATIONS = YES;
				CLANG_WARN_DIRECT_OBJC_ISA_USAGE = YES_ERROR;
				CLANG_WARN_DOCUMENTATION_COMMENTS = YES;
				CLANG_WARN_EMPTY_BODY = YES;
				CLANG_WARN_ENUM_CONVERSION = YES;
				CLANG_WARN_INFINITE_RECURSION = YES;
				CLANG_WARN_INT_CONVERSION = YES;
				CLANG_WARN_NON_LITERAL_NULL_CONVERSION = YES;
				CLANG_WARN_OBJC_IMPLICIT_RETAIN_SELF = YES;
				CLANG_WARN_OBJC_LITERAL_CONVERSION = YES;
				CLANG_WARN_OBJC_ROOT_CLASS = YES_ERROR;
				CLANG_WARN_QUOTED_INCLUDE_IN_FRAMEWORK_HEADER = YES;
				CLANG_WARN_RANGE_LOOP_ANALYSIS = YES;
				CLANG_WARN_STRICT_PROTOTYPES = YES;
				CLANG_WARN_SUSPICIOUS_MOVE = YES;
				CLANG_WARN_UNGUARDED_AVAILABILITY = YES_AGGRESSIVE;
				CLANG_WARN_UNREACHABLE_CODE = YES;
				CLANG_WARN__DUPLICATE_METHOD_MATCH = YES;
				COPY_PHASE_STRIP = NO;
				DEBUG_INFORMATION_FORMAT = "dwarf-with-dsym";
				ENABLE_NS_ASSERTIONS = NO;
				ENABLE_STRICT_OBJC_MSGSEND = YES;
				GCC_C_LANGUAGE_STANDARD = gnu11;
				GCC_NO_COMMON_BLOCKS = YES;
				GCC_WARN_64_TO_32_BIT_CONVERSION = YES;
				GCC_WARN_ABOUT_RETURN_TYPE = YES_ERROR;
				GCC_WARN_UNDECLARED_SELECTOR = YES;
				GCC_WARN_UNINITIALIZED_AUTOS = YES_AGGRESSIVE;
				GCC_WARN_UNUSED_FUNCTION = YES;
				GCC_WARN_UNUSED_VARIABLE = YES;
				IPHONEOS_DEPLOYMENT_TARGET = 16.4;
				MTL_ENABLE_DEBUG_INFO = NO;
				MTL_FAST_MATH = YES;
				SDKROOT = iphoneos;
				SWIFT_COMPILATION_MODE = wholemodule;
				SWIFT_OPTIMIZATION_LEVEL = "-O";
				VALIDATE_PRODUCT = YES;
			};
			name = Release;
		};
		C32715942A5AFDF60018D869 /* Debug */ = {
			isa = XCBuildConfiguration;
			baseConfigurationReference = 4C838C95FE64DB679D0E20F1 /* Pods-testProject.debug.xcconfig */;
			buildSettings = {
				ASSETCATALOG_COMPILER_APPICON_NAME = AppIcon;
				ASSETCATALOG_COMPILER_GLOBAL_ACCENT_COLOR_NAME = AccentColor;
				CODE_SIGN_STYLE = Automatic;
				CURRENT_PROJECT_VERSION = 1;
				GENERATE_INFOPLIST_FILE = YES;
				INFOPLIST_FILE = WhatChat/Info.plist;
				INFOPLIST_KEY_UIApplicationSupportsIndirectInputEvents = YES;
				INFOPLIST_KEY_UILaunchStoryboardName = LaunchScreen;
				INFOPLIST_KEY_UIMainStoryboardFile = Main;
				INFOPLIST_KEY_UISupportedInterfaceOrientations_iPad = "UIInterfaceOrientationPortrait UIInterfaceOrientationPortraitUpsideDown UIInterfaceOrientationLandscapeLeft UIInterfaceOrientationLandscapeRight";
				INFOPLIST_KEY_UISupportedInterfaceOrientations_iPhone = "UIInterfaceOrientationPortrait UIInterfaceOrientationLandscapeLeft UIInterfaceOrientationLandscapeRight";
				IPHONEOS_DEPLOYMENT_TARGET = 13.0;
				LD_RUNPATH_SEARCH_PATHS = (
					"$(inherited)",
					"@executable_path/Frameworks",
				);
				MARKETING_VERSION = 1.0;
				PRODUCT_BUNDLE_IDENTIFIER = com.emre.WhatChat;
				PRODUCT_NAME = "$(TARGET_NAME)";
				SWIFT_EMIT_LOC_STRINGS = YES;
				SWIFT_VERSION = 5.0;
				TARGETED_DEVICE_FAMILY = "1,2";
			};
			name = Debug;
		};
		C32715952A5AFDF60018D869 /* Release */ = {
			isa = XCBuildConfiguration;
			baseConfigurationReference = 91DAE956585A9852C67C1A38 /* Pods-testProject.release.xcconfig */;
			buildSettings = {
				ASSETCATALOG_COMPILER_APPICON_NAME = AppIcon;
				ASSETCATALOG_COMPILER_GLOBAL_ACCENT_COLOR_NAME = AccentColor;
				CODE_SIGN_STYLE = Automatic;
				CURRENT_PROJECT_VERSION = 1;
				GENERATE_INFOPLIST_FILE = YES;
				INFOPLIST_FILE = WhatChat/Info.plist;
				INFOPLIST_KEY_UIApplicationSupportsIndirectInputEvents = YES;
				INFOPLIST_KEY_UILaunchStoryboardName = LaunchScreen;
				INFOPLIST_KEY_UIMainStoryboardFile = Main;
				INFOPLIST_KEY_UISupportedInterfaceOrientations_iPad = "UIInterfaceOrientationPortrait UIInterfaceOrientationPortraitUpsideDown UIInterfaceOrientationLandscapeLeft UIInterfaceOrientationLandscapeRight";
				INFOPLIST_KEY_UISupportedInterfaceOrientations_iPhone = "UIInterfaceOrientationPortrait UIInterfaceOrientationLandscapeLeft UIInterfaceOrientationLandscapeRight";
				IPHONEOS_DEPLOYMENT_TARGET = 13.0;
				LD_RUNPATH_SEARCH_PATHS = (
					"$(inherited)",
					"@executable_path/Frameworks",
				);
				MARKETING_VERSION = 1.0;
				PRODUCT_BUNDLE_IDENTIFIER = com.emre.WhatChat;
				PRODUCT_NAME = "$(TARGET_NAME)";
				SWIFT_EMIT_LOC_STRINGS = YES;
				SWIFT_VERSION = 5.0;
				TARGETED_DEVICE_FAMILY = "1,2";
			};
			name = Release;
		};
/* End XCBuildConfiguration section */

/* Begin XCConfigurationList section */
		C327157A2A5AFDF50018D869 /* Build configuration list for PBXProject "WhatChat" */ = {
			isa = XCConfigurationList;
			buildConfigurations = (
				C32715912A5AFDF60018D869 /* Debug */,
				C32715922A5AFDF60018D869 /* Release */,
			);
			defaultConfigurationIsVisible = 0;
			defaultConfigurationName = Release;
		};
		C32715932A5AFDF60018D869 /* Build configuration list for PBXNativeTarget "WhatChat" */ = {
			isa = XCConfigurationList;
			buildConfigurations = (
				C32715942A5AFDF60018D869 /* Debug */,
				C32715952A5AFDF60018D869 /* Release */,
			);
			defaultConfigurationIsVisible = 0;
			defaultConfigurationName = Release;
		};
/* End XCConfigurationList section */
	};
	rootObject = C32715772A5AFDF50018D869 /* Project object */;
}
